
Microsoft Visual Studio Solution File, Format Version 12.00
# Visual Studio 15
VisualStudioVersion = 15.0.27130.2010
MinimumVisualStudioVersion = 10.0.40219.1
Project("{FAE04EC0-301F-11D3-BF4B-00C04F79EFBC}") = "planetsandspaceships", "planetsandspaceships\planetsandspaceships.csproj", "{EFE80274-3BBE-48DC-89FB-3B89E6D1079C}"
EndProject
Global
	GlobalSection(SolutionConfigurationPlatforms) = preSolution
		Debug|Any CPU = Debug|Any CPU
		Release|Any CPU = Release|Any CPU
	EndGlobalSection
	GlobalSection(ProjectConfigurationPlatforms) = postSolution
		{EFE80274-3BBE-48DC-89FB-3B89E6D1079C}.Debug|Any CPU.ActiveCfg = Debug|Any CPU
		{EFE80274-3BBE-48DC-89FB-3B89E6D1079C}.Debug|Any CPU.Build.0 = Debug|Any CPU
		{EFE80274-3BBE-48DC-89FB-3B89E6D1079C}.Release|Any CPU.ActiveCfg = Release|Any CPU
		{EFE80274-3BBE-48DC-89FB-3B89E6D1079C}.Release|Any CPU.Build.0 = Release|Any CPU
	EndGlobalSection
	GlobalSection(SolutionProperties) = preSolution
		HideSolutionNode = FALSE
	EndGlobalSection
	GlobalSection(ExtensibilityGlobals) = postSolution
		SolutionGuid = {26A87016-67B4-47B9-9ED1-3D3DF2871B2F}
	EndGlobalSection
EndGlobal
